
Microsoft Visual Studio Solution File, Format Version 12.00
# Visual Studio Version 17
VisualStudioVersion = 17.3.32929.385
MinimumVisualStudioVersion = 10.0.40219.1
Project("{FAE04EC0-301F-11D3-BF4B-00C04F79EFBC}") = "EvenNumber", "EvenNumber\EvenNumber.csproj", "{EFB5257D-9189-4479-B262-A0B9F4F80E4E}"
EndProject
Global
	GlobalSection(SolutionConfigurationPlatforms) = preSolution
		Debug|Any CPU = Debug|Any CPU
		Release|Any CPU = Release|Any CPU
	EndGlobalSection
	GlobalSection(ProjectConfigurationPlatforms) = postSolution
		{EFB5257D-9189-4479-B262-A0B9F4F80E4E}.Debug|Any CPU.ActiveCfg = Debug|Any CPU
		{EFB5257D-9189-4479-B262-A0B9F4F80E4E}.Debug|Any CPU.Build.0 = Debug|Any CPU
		{EFB5257D-9189-4479-B262-A0B9F4F80E4E}.Release|Any CPU.ActiveCfg = Release|Any CPU
		{EFB5257D-9189-4479-B262-A0B9F4F80E4E}.Release|Any CPU.Build.0 = Release|Any CPU
	EndGlobalSection
	GlobalSection(SolutionProperties) = preSolution
		HideSolutionNode = FALSE
	EndGlobalSection
	GlobalSection(ExtensibilityGlobals) = postSolution
		SolutionGuid = {88488511-107C-4439-818E-7DBA1D2F98E9}
	EndGlobalSection
EndGlobal
